
Microsoft Visual Studio Solution File, Format Version 12.00
# Visual Studio Version 17
VisualStudioVersion = 17.10.35027.167
MinimumVisualStudioVersion = 10.0.40219.1
Project("{FAE04EC0-301F-11D3-BF4B-00C04F79EFBC}") = "Etiquetas", "Etiquetas.csproj", "{B1161227-5239-4A07-8B57-C04FA01B5F56}"
EndProject
Global
	GlobalSection(SolutionConfigurationPlatforms) = preSolution
		Debug|Any CPU = Debug|Any CPU
		Release|Any CPU = Release|Any CPU
	EndGlobalSection
	GlobalSection(ProjectConfigurationPlatforms) = postSolution
		{B1161227-5239-4A07-8B57-C04FA01B5F56}.Debug|Any CPU.ActiveCfg = Debug|Any CPU
		{B1161227-5239-4A07-8B57-C04FA01B5F56}.Debug|Any CPU.Build.0 = Debug|Any CPU
		{B1161227-5239-4A07-8B57-C04FA01B5F56}.Release|Any CPU.ActiveCfg = Release|Any CPU
		{B1161227-5239-4A07-8B57-C04FA01B5F56}.Release|Any CPU.Build.0 = Release|Any CPU
	EndGlobalSection
	GlobalSection(SolutionProperties) = preSolution
		HideSolutionNode = FALSE
	EndGlobalSection
	GlobalSection(ExtensibilityGlobals) = postSolution
		SolutionGuid = {0A35CE2E-7AC6-4675-9855-52A6A8C53B44}
	EndGlobalSection
EndGlobal
